
Microsoft Visual Studio Solution File, Format Version 12.00
# Visual Studio 15
VisualStudioVersion = 15.0.27703.2042
MinimumVisualStudioVersion = 10.0.40219.1
Project("{FAE04EC0-301F-11D3-BF4B-00C04F79EFBC}") = "StarshipStopper", "StarshipStopper\StarshipStopper.csproj", "{6914E079-D85E-4205-BD55-199FA677455F}"
EndProject
Project("{FAE04EC0-301F-11D3-BF4B-00C04F79EFBC}") = "UnitTestingProject", "UnitTestingProject\UnitTestingProject.csproj", "{34AEB2BC-AABC-4284-8C95-8D131EA816D7}"
EndProject
Global
	GlobalSection(SolutionConfigurationPlatforms) = preSolution
		Debug|Any CPU = Debug|Any CPU
		Release|Any CPU = Release|Any CPU
	EndGlobalSection
	GlobalSection(ProjectConfigurationPlatforms) = postSolution
		{6914E079-D85E-4205-BD55-199FA677455F}.Debug|Any CPU.ActiveCfg = Debug|Any CPU
		{6914E079-D85E-4205-BD55-199FA677455F}.Debug|Any CPU.Build.0 = Debug|Any CPU
		{6914E079-D85E-4205-BD55-199FA677455F}.Release|Any CPU.ActiveCfg = Release|Any CPU
		{6914E079-D85E-4205-BD55-199FA677455F}.Release|Any CPU.Build.0 = Release|Any CPU
		{34AEB2BC-AABC-4284-8C95-8D131EA816D7}.Debug|Any CPU.ActiveCfg = Debug|Any CPU
		{34AEB2BC-AABC-4284-8C95-8D131EA816D7}.Debug|Any CPU.Build.0 = Debug|Any CPU
		{34AEB2BC-AABC-4284-8C95-8D131EA816D7}.Release|Any CPU.ActiveCfg = Release|Any CPU
		{34AEB2BC-AABC-4284-8C95-8D131EA816D7}.Release|Any CPU.Build.0 = Release|Any CPU
	EndGlobalSection
	GlobalSection(SolutionProperties) = preSolution
		HideSolutionNode = FALSE
	EndGlobalSection
	GlobalSection(ExtensibilityGlobals) = postSolution
		SolutionGuid = {D2A87DE6-0EE6-46DD-BBE1-10BB093A221F}
	EndGlobalSection
EndGlobal
